
Microsoft Visual Studio Solution File, Format Version 12.00
# Visual Studio Version 17
VisualStudioVersion = 17.8.34316.72
MinimumVisualStudioVersion = 10.0.40219.1
Project("{FAE04EC0-301F-11D3-BF4B-00C04F79EFBC}") = "Day-2", "Day-2.csproj", "{9F0BAB9D-5370-467D-86F5-0B47B176AF33}"
EndProject
Global
	GlobalSection(SolutionConfigurationPlatforms) = preSolution
		Debug|Any CPU = Debug|Any CPU
		Release|Any CPU = Release|Any CPU
	EndGlobalSection
	GlobalSection(ProjectConfigurationPlatforms) = postSolution
		{9F0BAB9D-5370-467D-86F5-0B47B176AF33}.Debug|Any CPU.ActiveCfg = Debug|Any CPU
		{9F0BAB9D-5370-467D-86F5-0B47B176AF33}.Debug|Any CPU.Build.0 = Debug|Any CPU
		{9F0BAB9D-5370-467D-86F5-0B47B176AF33}.Release|Any CPU.ActiveCfg = Release|Any CPU
		{9F0BAB9D-5370-467D-86F5-0B47B176AF33}.Release|Any CPU.Build.0 = Release|Any CPU
	EndGlobalSection
	GlobalSection(SolutionProperties) = preSolution
		HideSolutionNode = FALSE
	EndGlobalSection
	GlobalSection(ExtensibilityGlobals) = postSolution
		SolutionGuid = {941F71E8-ABB0-48FB-8338-6095CE34790C}
	EndGlobalSection
EndGlobal
