
Microsoft Visual Studio Solution File, Format Version 12.00
# Visual Studio Version 17
VisualStudioVersion = 17.8.34511.84
MinimumVisualStudioVersion = 10.0.40219.1
Project("{FAE04EC0-301F-11D3-BF4B-00C04F79EFBC}") = "Day-8", "Day-8.csproj", "{7982FEF1-B397-47C9-A15B-E1955BD445A8}"
EndProject
Global
	GlobalSection(SolutionConfigurationPlatforms) = preSolution
		Debug|Any CPU = Debug|Any CPU
		Release|Any CPU = Release|Any CPU
	EndGlobalSection
	GlobalSection(ProjectConfigurationPlatforms) = postSolution
		{7982FEF1-B397-47C9-A15B-E1955BD445A8}.Debug|Any CPU.ActiveCfg = Debug|Any CPU
		{7982FEF1-B397-47C9-A15B-E1955BD445A8}.Debug|Any CPU.Build.0 = Debug|Any CPU
		{7982FEF1-B397-47C9-A15B-E1955BD445A8}.Release|Any CPU.ActiveCfg = Release|Any CPU
		{7982FEF1-B397-47C9-A15B-E1955BD445A8}.Release|Any CPU.Build.0 = Release|Any CPU
	EndGlobalSection
	GlobalSection(SolutionProperties) = preSolution
		HideSolutionNode = FALSE
	EndGlobalSection
	GlobalSection(ExtensibilityGlobals) = postSolution
		SolutionGuid = {50EE4CDC-916C-42F2-901B-998C12EA8D7D}
	EndGlobalSection
EndGlobal
